
Microsoft Visual Studio Solution File, Format Version 12.00
# Visual Studio Version 16
VisualStudioVersion = 16.0.30611.23
MinimumVisualStudioVersion = 10.0.40219.1
Project("{FAE04EC0-301F-11D3-BF4B-00C04F79EFBC}") = "UNIP", "UNIP\UNIP.csproj", "{37E1BED3-2760-4AE9-9747-3BA95065C895}"
EndProject
Global
	GlobalSection(SolutionConfigurationPlatforms) = preSolution
		Debug|Any CPU = Debug|Any CPU
		Release|Any CPU = Release|Any CPU
	EndGlobalSection
	GlobalSection(ProjectConfigurationPlatforms) = postSolution
		{37E1BED3-2760-4AE9-9747-3BA95065C895}.Debug|Any CPU.ActiveCfg = Debug|Any CPU
		{37E1BED3-2760-4AE9-9747-3BA95065C895}.Debug|Any CPU.Build.0 = Debug|Any CPU
		{37E1BED3-2760-4AE9-9747-3BA95065C895}.Release|Any CPU.ActiveCfg = Release|Any CPU
		{37E1BED3-2760-4AE9-9747-3BA95065C895}.Release|Any CPU.Build.0 = Release|Any CPU
	EndGlobalSection
	GlobalSection(SolutionProperties) = preSolution
		HideSolutionNode = FALSE
	EndGlobalSection
	GlobalSection(ExtensibilityGlobals) = postSolution
		SolutionGuid = {41E3E44B-9FDA-481E-BA8C-0D5C085683CA}
	EndGlobalSection
EndGlobal
